
Microsoft Visual Studio Solution File, Format Version 12.00
# Visual Studio Version 16
VisualStudioVersion = 16.0.31112.23
MinimumVisualStudioVersion = 10.0.40219.1
Project("{FAE04EC0-301F-11D3-BF4B-00C04F79EFBC}") = "Donatekart_Assignment", "Donatekart_Assignment\Donatekart_Assignment.csproj", "{29B00A76-2D07-4821-8D95-D1841539827B}"
EndProject
Global
	GlobalSection(SolutionConfigurationPlatforms) = preSolution
		Debug|Any CPU = Debug|Any CPU
		Release|Any CPU = Release|Any CPU
	EndGlobalSection
	GlobalSection(ProjectConfigurationPlatforms) = postSolution
		{29B00A76-2D07-4821-8D95-D1841539827B}.Debug|Any CPU.ActiveCfg = Debug|Any CPU
		{29B00A76-2D07-4821-8D95-D1841539827B}.Debug|Any CPU.Build.0 = Debug|Any CPU
		{29B00A76-2D07-4821-8D95-D1841539827B}.Release|Any CPU.ActiveCfg = Release|Any CPU
		{29B00A76-2D07-4821-8D95-D1841539827B}.Release|Any CPU.Build.0 = Release|Any CPU
	EndGlobalSection
	GlobalSection(SolutionProperties) = preSolution
		HideSolutionNode = FALSE
	EndGlobalSection
	GlobalSection(ExtensibilityGlobals) = postSolution
		SolutionGuid = {A7568F84-B3C2-4B8B-B7A9-1E75FC520594}
	EndGlobalSection
EndGlobal
